// !$*UTF8*$!
{
	archiveVersion = 1;
	classes = {
	};
	objectVersion = 50;
	objects = {

/* Begin PBXBuildFile section */
		96F7E48020E3D0A8006DAAF8 /* AppDelegate.swift in Sources */ = {isa = PBXBuildFile; fileRef = 96F7E47F20E3D0A8006DAAF8 /* AppDelegate.swift */; };
		96F7E48220E3D0A8006DAAF8 /* ViewController.swift in Sources */ = {isa = PBXBuildFile; fileRef = 96F7E48120E3D0A8006DAAF8 /* ViewController.swift */; };
		96F7E48520E3D0A8006DAAF8 /* Main.storyboard in Resources */ = {isa = PBXBuildFile; fileRef = 96F7E48320E3D0A8006DAAF8 /* Main.storyboard */; };
		96F7E48820E3D0A8006DAAF8 /* AirChat.xcdatamodeld in Sources */ = {isa = PBXBuildFile; fileRef = 96F7E48620E3D0A8006DAAF8 /* AirChat.xcdatamodeld */; };
		96F7E48A20E3D0AF006DAAF8 /* Assets.xcassets in Resources */ = {isa = PBXBuildFile; fileRef = 96F7E48920E3D0AF006DAAF8 /* Assets.xcassets */; };
		96F7E48D20E3D0AF006DAAF8 /* LaunchScreen.storyboard in Resources */ = {isa = PBXBuildFile; fileRef = 96F7E48B20E3D0AF006DAAF8 /* LaunchScreen.storyboard */; };
		E25F529575AB2DE8099A5364 /* Pods_AirChat.framework in Frameworks */ = {isa = PBXBuildFile; fileRef = 35C80C1795DB3D250E226239 /* Pods_AirChat.framework */; };
/* End PBXBuildFile section */

/* Begin PBXFileReference section */
		35C80C1795DB3D250E226239 /* Pods_AirChat.framework */ = {isa = PBXFileReference; explicitFileType = wrapper.framework; includeInIndex = 0; path = Pods_AirChat.framework; sourceTree = BUILT_PRODUCTS_DIR; };
		36AA9D426ADCE888D89CE832 /* Pods-AirChat.debug.xcconfig */ = {isa = PBXFileReference; includeInIndex = 1; lastKnownFileType = text.xcconfig; name = "Pods-AirChat.debug.xcconfig"; path = "Pods/Target Support Files/Pods-AirChat/Pods-AirChat.debug.xcconfig"; sourceTree = "<group>"; };
		5C04243B881693CC02C74ABA /* Pods-AirChat.release.xcconfig */ = {isa = PBXFileReference; includeInIndex = 1; lastKnownFileType = text.xcconfig; name = "Pods-AirChat.release.xcconfig"; path = "Pods/Target Support Files/Pods-AirChat/Pods-AirChat.release.xcconfig"; sourceTree = "<group>"; };
		96F7E47C20E3D0A8006DAAF8 /* AirChat.app */ = {isa = PBXFileReference; explicitFileType = wrapper.application; includeInIndex = 0; path = AirChat.app; sourceTree = BUILT_PRODUCTS_DIR; };
		96F7E47F20E3D0A8006DAAF8 /* AppDelegate.swift */ = {isa = PBXFileReference; lastKnownFileType = sourcecode.swift; path = AppDelegate.swift; sourceTree = "<group>"; };
		96F7E48120E3D0A8006DAAF8 /* ViewController.swift */ = {isa = PBXFileReference; lastKnownFileType = sourcecode.swift; path = ViewController.swift; sourceTree = "<group>"; };
		96F7E48420E3D0A8006DAAF8 /* Base */ = {isa = PBXFileReference; lastKnownFileType = file.storyboard; name = Base; path = Base.lproj/Main.storyboard; sourceTree = "<group>"; };
		96F7E48720E3D0A8006DAAF8 /* AirChat.xcdatamodel */ = {isa = PBXFileReference; lastKnownFileType = wrapper.xcdatamodel; path = AirChat.xcdatamodel; sourceTree = "<group>"; };
		96F7E48920E3D0AF006DAAF8 /* Assets.xcassets */ = {isa = PBXFileReference; lastKnownFileType = folder.assetcatalog; path = Assets.xcassets; sourceTree = "<group>"; };
		96F7E48C20E3D0AF006DAAF8 /* Base */ = {isa = PBXFileReference; lastKnownFileType = file.storyboard; name = Base; path = Base.lproj/LaunchScreen.storyboard; sourceTree = "<group>"; };
		96F7E48E20E3D0AF006DAAF8 /* Info.plist */ = {isa = PBXFileReference; lastKnownFileType = text.plist.xml; path = Info.plist; sourceTree = "<group>"; };
/* End PBXFileReference section */

/* Begin PBXFrameworksBuildPhase section */
		96F7E47920E3D0A8006DAAF8 /* Frameworks */ = {
			isa = PBXFrameworksBuildPhase;
			buildActionMask = 2147483647;
			files = (
				E25F529575AB2DE8099A5364 /* Pods_AirChat.framework in Frameworks */,
			);
			runOnlyForDeploymentPostprocessing = 0;
		};
/* End PBXFrameworksBuildPhase section */

/* Begin PBXGroup section */
		67CFC88293B5532833A91E50 /* Pods */ = {
			isa = PBXGroup;
			children = (
				36AA9D426ADCE888D89CE832 /* Pods-AirChat.debug.xcconfig */,
				5C04243B881693CC02C74ABA /* Pods-AirChat.release.xcconfig */,
			);
			name = Pods;
			sourceTree = "<group>";
		};
		96F7E47320E3D0A8006DAAF8 = {
			isa = PBXGroup;
			children = (
				96F7E47E20E3D0A8006DAAF8 /* AirChat */,
				96F7E47D20E3D0A8006DAAF8 /* Products */,
				67CFC88293B5532833A91E50 /* Pods */,
				E473FC63120E0CA68213D5EC /* Frameworks */,
			);
			sourceTree = "<group>";
		};
		96F7E47D20E3D0A8006DAAF8 /* Products */ = {
			isa = PBXGroup;
			children = (
				96F7E47C20E3D0A8006DAAF8 /* AirChat.app */,
			);
			name = Products;
			sourceTree = "<group>";
		};
		96F7E47E20E3D0A8006DAAF8 /* AirChat */ = {
			isa = PBXGroup;
			children = (
				96F7E47F20E3D0A8006DAAF8 /* AppDelegate.swift */,
				96F7E48120E3D0A8006DAAF8 /* ViewController.swift */,
				96F7E48320E3D0A8006DAAF8 /* Main.storyboard */,
				96F7E48920E3D0AF006DAAF8 /* Assets.xcassets */,
				96F7E48B20E3D0AF006DAAF8 /* LaunchScreen.storyboard */,
				96F7E48E20E3D0AF006DAAF8 /* Info.plist */,
				96F7E48620E3D0A8006DAAF8 /* AirChat.xcdatamodeld */,
			);
			path = AirChat;
			sourceTree = "<group>";
		};
		E473FC63120E0CA68213D5EC /* Frameworks */ = {
			isa = PBXGroup;
			children = (
				35C80C1795DB3D250E226239 /* Pods_AirChat.framework */,
			);
			name = Frameworks;
			sourceTree = "<group>";
		};
/* End PBXGroup section */

/* Begin PBXNativeTarget section */
		96F7E47B20E3D0A8006DAAF8 /* AirChat */ = {
			isa = PBXNativeTarget;
			buildConfigurationList = 96F7E49120E3D0AF006DAAF8 /* Build configuration list for PBXNativeTarget "AirChat" */;
			buildPhases = (
				7F26CD4151DB98EF625E4B5E /* [CP] Check Pods Manifest.lock */,
				96F7E47820E3D0A8006DAAF8 /* Sources */,
				96F7E47920E3D0A8006DAAF8 /* Frameworks */,
				96F7E47A20E3D0A8006DAAF8 /* Resources */,
				02933AB88B1C26699BE4B2D6 /* [CP] Embed Pods Frameworks */,
			);
			buildRules = (
			);
			dependencies = (
			);
			name = AirChat;
			productName = AirChat;
			productReference = 96F7E47C20E3D0A8006DAAF8 /* AirChat.app */;
			productType = "com.apple.product-type.application";
		};
/* End PBXNativeTarget section */

/* Begin PBXProject section */
		96F7E47420E3D0A8006DAAF8 /* Project object */ = {
			isa = PBXProject;
			attributes = {
				LastSwiftUpdateCheck = 0940;
				LastUpgradeCheck = 0940;
				ORGANIZATIONNAME = "Jason Ji";
				TargetAttributes = {
					96F7E47B20E3D0A8006DAAF8 = {
						CreatedOnToolsVersion = 9.4.1;
					};
				};
			};
			buildConfigurationList = 96F7E47720E3D0A8006DAAF8 /* Build configuration list for PBXProject "AirChat" */;
			compatibilityVersion = "Xcode 9.3";
			developmentRegion = en;
			hasScannedForEncodings = 0;
			knownRegions = (
				en,
				Base,
			);
			mainGroup = 96F7E47320E3D0A8006DAAF8;
			productRefGroup = 96F7E47D20E3D0A8006DAAF8 /* Products */;
			projectDirPath = "";
			projectRoot = "";
			targets = (
				96F7E47B20E3D0A8006DAAF8 /* AirChat */,
			);
		};
/* End PBXProject section */

/* Begin PBXResourcesBuildPhase section */
		96F7E47A20E3D0A8006DAAF8 /* Resources */ = {
			isa = PBXResourcesBuildPhase;
			buildActionMask = 2147483647;
			files = (
				96F7E48D20E3D0AF006DAAF8 /* LaunchScreen.storyboard in Resources */,
				96F7E48A20E3D0AF006DAAF8 /* Assets.xcassets in Resources */,
				96F7E48520E3D0A8006DAAF8 /* Main.storyboard in Resources */,
			);
			runOnlyForDeploymentPostprocessing = 0;
		};
/* End PBXResourcesBuildPhase section */

/* Begin PBXShellScriptBuildPhase section */
		02933AB88B1C26699BE4B2D6 /* [CP] Embed Pods Frameworks */ = {
			isa = PBXShellScriptBuildPhase;
			buildActionMask = 2147483647;
			files = (
			);
			inputPaths = (
				"${SRCROOT}/Pods/Target Support Files/Pods-AirChat/Pods-AirChat-frameworks.sh",
				"${BUILT_PRODUCTS_DIR}/CoreDataStackManager/CoreDataStackManager.framework",
				"${BUILT_PRODUCTS_DIR}/DateToolsSwift/DateToolsSwift.framework",
				"${BUILT_PRODUCTS_DIR}/MessengerKit/MessengerKit.framework",
			);
			name = "[CP] Embed Pods Frameworks";
			outputPaths = (
				"${TARGET_BUILD_DIR}/${FRAMEWORKS_FOLDER_PATH}/CoreDataStackManager.framework",
				"${TARGET_BUILD_DIR}/${FRAMEWORKS_FOLDER_PATH}/DateToolsSwift.framework",
				"${TARGET_BUILD_DIR}/${FRAMEWORKS_FOLDER_PATH}/MessengerKit.framework",
			);
			runOnlyForDeploymentPostprocessing = 0;
			shellPath = /bin/sh;
			shellScript = "\"${SRCROOT}/Pods/Target Support Files/Pods-AirChat/Pods-AirChat-frameworks.sh\"\n";
			showEnvVarsInLog = 0;
		};
		7F26CD4151DB98EF625E4B5E /* [CP] Check Pods Manifest.lock */ = {
			isa = PBXShellScriptBuildPhase;
			buildActionMask = 2147483647;
			files = (
			);
			inputPaths = (
				"${PODS_PODFILE_DIR_PATH}/Podfile.lock",
				"${PODS_ROOT}/Manifest.lock",
			);
			name = "[CP] Check Pods Manifest.lock";
			outputPaths = (
				"$(DERIVED_FILE_DIR)/Pods-AirChat-checkManifestLockResult.txt",
			);
			runOnlyForDeploymentPostprocessing = 0;
			shellPath = /bin/sh;
			shellScript = "diff \"${PODS_PODFILE_DIR_PATH}/Podfile.lock\" \"${PODS_ROOT}/Manifest.lock\" > /dev/null\nif [ $? != 0 ] ; then\n    # print error to STDERR\n    echo \"error: The sandbox is not in sync with the Podfile.lock. Run 'pod install' or update your CocoaPods installation.\" >&2\n    exit 1\nfi\n# This output is used by Xcode 'outputs' to avoid re-running this script phase.\necho \"SUCCESS\" > \"${SCRIPT_OUTPUT_FILE_0}\"\n";
			showEnvVarsInLog = 0;
		};
/* End PBXShellScriptBuildPhase section */

/* Begin PBXSourcesBuildPhase section */
		96F7E47820E3D0A8006DAAF8 /* Sources */ = {
			isa = PBXSourcesBuildPhase;
			buildActionMask = 2147483647;
			files = (
				96F7E48820E3D0A8006DAAF8 /* AirChat.xcdatamodeld in Sources */,
				96F7E48220E3D0A8006DAAF8 /* ViewController.swift in Sources */,
				96F7E48020E3D0A8006DAAF8 /* AppDelegate.swift in Sources */,
			);
			runOnlyForDeploymentPostprocessing = 0;
		};
/* End PBXSourcesBuildPhase section */

/* Begin PBXVariantGroup section */
		96F7E48320E3D0A8006DAAF8 /* Main.storyboard */ = {
			isa = PBXVariantGroup;
			children = (
				96F7E48420E3D0A8006DAAF8 /* Base */,
			);
			name = Main.storyboard;
			sourceTree = "<group>";
		};
		96F7E48B20E3D0AF006DAAF8 /* LaunchScreen.storyboard */ = {
			isa = PBXVariantGroup;
			children = (
				96F7E48C20E3D0AF006DAAF8 /* Base */,
			);
			name = LaunchScreen.storyboard;
			sourceTree = "<group>";
		};
/* End PBXVariantGroup section */

/* Begin XCBuildConfiguration section */
		96F7E48F20E3D0AF006DAAF8 /* Debug */ = {
			isa = XCBuildConfiguration;
			buildSettings = {
				ALWAYS_SEARCH_USER_PATHS = NO;
				CLANG_ANALYZER_NONNULL = YES;
				CLANG_ANALYZER_NUMBER_OBJECT_CONVERSION = YES_AGGRESSIVE;
				CLANG_CXX_LANGUAGE_STANDARD = "gnu++14";
				CLANG_CXX_LIBRARY = "libc++";
				CLANG_ENABLE_MODULES = YES;
				CLANG_ENABLE_OBJC_ARC = YES;
				CLANG_ENABLE_OBJC_WEAK = YES;
				CLANG_WARN_BLOCK_CAPTURE_AUTORELEASING = YES;
				CLANG_WARN_BOOL_CONVERSION = YES;
				CLANG_WARN_COMMA = YES;
				CLANG_WARN_CONSTANT_CONVERSION = YES;
				CLANG_WARN_DEPRECATED_OBJC_IMPLEMENTATIONS = YES;
				CLANG_WARN_DIRECT_OBJC_ISA_USAGE = YES_ERROR;
				CLANG_WARN_DOCUMENTATION_COMMENTS = YES;
				CLANG_WARN_EMPTY_BODY = YES;
				CLANG_WARN_ENUM_CONVERSION = YES;
				CLANG_WARN_INFINITE_RECURSION = YES;
				CLANG_WARN_INT_CONVERSION = YES;
				CLANG_WARN_NON_LITERAL_NULL_CONVERSION = YES;
				CLANG_WARN_OBJC_IMPLICIT_RETAIN_SELF = YES;
				CLANG_WARN_OBJC_LITERAL_CONVERSION = YES;
				CLANG_WARN_OBJC_ROOT_CLASS = YES_ERROR;
				CLANG_WARN_RANGE_LOOP_ANALYSIS = YES;
				CLANG_WARN_STRICT_PROTOTYPES = YES;
				CLANG_WARN_SUSPICIOUS_MOVE = YES;
				CLANG_WARN_UNGUARDED_AVAILABILITY = YES_AGGRESSIVE;
				CLANG_WARN_UNREACHABLE_CODE = YES;
				CLANG_WARN__DUPLICATE_METHOD_MATCH = YES;
				CODE_SIGN_IDENTITY = "iPhone Developer";
				COPY_PHASE_STRIP = NO;
				DEBUG_INFORMATION_FORMAT = dwarf;
				ENABLE_STRICT_OBJC_MSGSEND = YES;
				ENABLE_TESTABILITY = YES;
				GCC_C_LANGUAGE_STANDARD = gnu11;
				GCC_DYNAMIC_NO_PIC = NO;
				GCC_NO_COMMON_BLOCKS = YES;
				GCC_OPTIMIZATION_LEVEL = 0;
				GCC_PREPROCESSOR_DEFINITIONS = (
					"DEBUG=1",
					"$(inherited)",
				);
				GCC_WARN_64_TO_32_BIT_CONVERSION = YES;
				GCC_WARN_ABOUT_RETURN_TYPE = YES_ERROR;
				GCC_WARN_UNDECLARED_SELECTOR = YES;
				GCC_WARN_UNINITIALIZED_AUTOS = YES_AGGRESSIVE;
				GCC_WARN_UNUSED_FUNCTION = YES;
				GCC_WARN_UNUSED_VARIABLE = YES;
				IPHONEOS_DEPLOYMENT_TARGET = 11.4;
				MTL_ENABLE_DEBUG_INFO = YES;
				ONLY_ACTIVE_ARCH = YES;
				SDKROOT = iphoneos;
				SWIFT_ACTIVE_COMPILATION_CONDITIONS = DEBUG;
				SWIFT_OPTIMIZATION_LEVEL = "-Onone";
			};
			name = Debug;
		};
		96F7E49020E3D0AF006DAAF8 /* Release */ = {
			isa = XCBuildConfiguration;
			buildSettings = {
				ALWAYS_SEARCH_USER_PATHS = NO;
				CLANG_ANALYZER_NONNULL = YES;
				CLANG_ANALYZER_NUMBER_OBJECT_CONVERSION = YES_AGGRESSIVE;
				CLANG_CXX_LANGUAGE_STANDARD = "gnu++14";
				CLANG_CXX_LIBRARY = "libc++";
				CLANG_ENABLE_MODULES = YES;
				CLANG_ENABLE_OBJC_ARC = YES;
				CLANG_ENABLE_OBJC_WEAK = YES;
				CLANG_WARN_BLOCK_CAPTURE_AUTORELEASING = YES;
				CLANG_WARN_BOOL_CONVERSION = YES;
				CLANG_WARN_COMMA = YES;
				CLANG_WARN_CONSTANT_CONVERSION = YES;
				CLANG_WARN_DEPRECATED_OBJC_IMPLEMENTATIONS = YES;
				CLANG_WARN_DIRECT_OBJC_ISA_USAGE = YES_ERROR;
				CLANG_WARN_DOCUMENTATION_COMMENTS = YES;
				CLANG_WARN_EMPTY_BODY = YES;
				CLANG_WARN_ENUM_CONVERSION = YES;
				CLANG_WARN_INFINITE_RECURSION = YES;
				CLANG_WARN_INT_CONVERSION = YES;
				CLANG_WARN_NON_LITERAL_NULL_CONVERSION = YES;
				CLANG_WARN_OBJC_IMPLICIT_RETAIN_SELF = YES;
				CLANG_WARN_OBJC_LITERAL_CONVERSION = YES;
				CLANG_WARN_OBJC_ROOT_CLASS = YES_ERROR;
				CLANG_WARN_RANGE_LOOP_ANALYSIS = YES;
				CLANG_WARN_STRICT_PROTOTYPES = YES;
				CLANG_WARN_SUSPICIOUS_MOVE = YES;
				CLANG_WARN_UNGUARDED_AVAILABILITY = YES_AGGRESSIVE;
				CLANG_WARN_UNREACHABLE_CODE = YES;
				CLANG_WARN__DUPLICATE_METHOD_MATCH = YES;
				CODE_SIGN_IDENTITY = "iPhone Developer";
				COPY_PHASE_STRIP = NO;
				DEBUG_INFORMATION_FORMAT = "dwarf-with-dsym";
				ENABLE_NS_ASSERTIONS = NO;
				ENABLE_STRICT_OBJC_MSGSEND = YES;
				GCC_C_LANGUAGE_STANDARD = gnu11;
				GCC_NO_COMMON_BLOCKS = YES;
				GCC_WARN_64_TO_32_BIT_CONVERSION = YES;
				GCC_WARN_ABOUT_RETURN_TYPE = YES_ERROR;
				GCC_WARN_UNDECLARED_SELECTOR = YES;
				GCC_WARN_UNINITIALIZED_AUTOS = YES_AGGRESSIVE;
				GCC_WARN_UNUSED_FUNCTION = YES;
				GCC_WARN_UNUSED_VARIABLE = YES;
				IPHONEOS_DEPLOYMENT_TARGET = 11.4;
				MTL_ENABLE_DEBUG_INFO = NO;
				SDKROOT = iphoneos;
				SWIFT_COMPILATION_MODE = wholemodule;
				SWIFT_OPTIMIZATION_LEVEL = "-O";
				VALIDATE_PRODUCT = YES;
			};
			name = Release;
		};
		96F7E49220E3D0AF006DAAF8 /* Debug */ = {
			isa = XCBuildConfiguration;
			baseConfigurationReference = 36AA9D426ADCE888D89CE832 /* Pods-AirChat.debug.xcconfig */;
			buildSettings = {
				ASSETCATALOG_COMPILER_APPICON_NAME = AppIcon;
				CODE_SIGN_STYLE = Automatic;
				DEVELOPMENT_TEAM = 2GPQ8GE99T;
				INFOPLIST_FILE = AirChat/Info.plist;
				LD_RUNPATH_SEARCH_PATHS = "$(inherited) @executable_path/Frameworks";
				PRODUCT_BUNDLE_IDENTIFIER = com.JYJApps.AirChat;
				PRODUCT_NAME = "$(TARGET_NAME)";
				SWIFT_VERSION = 4.0;
				TARGETED_DEVICE_FAMILY = "1,2";
			};
			name = Debug;
		};
		96F7E49320E3D0AF006DAAF8 /* Release */ = {
			isa = XCBuildConfiguration;
			baseConfigurationReference = 5C04243B881693CC02C74ABA /* Pods-AirChat.release.xcconfig */;
			buildSettings = {
				ASSETCATALOG_COMPILER_APPICON_NAME = AppIcon;
				CODE_SIGN_STYLE = Automatic;
				DEVELOPMENT_TEAM = 2GPQ8GE99T;
				INFOPLIST_FILE = AirChat/Info.plist;
				LD_RUNPATH_SEARCH_PATHS = "$(inherited) @executable_path/Frameworks";
				PRODUCT_BUNDLE_IDENTIFIER = com.JYJApps.AirChat;
				PRODUCT_NAME = "$(TARGET_NAME)";
				SWIFT_VERSION = 4.0;
				TARGETED_DEVICE_FAMILY = "1,2";
			};
			name = Release;
		};
/* End XCBuildConfiguration section */

/* Begin XCConfigurationList section */
		96F7E47720E3D0A8006DAAF8 /* Build configuration list for PBXProject "AirChat" */ = {
			isa = XCConfigurationList;
			buildConfigurations = (
				96F7E48F20E3D0AF006DAAF8 /* Debug */,
				96F7E49020E3D0AF006DAAF8 /* Release */,
			);
			defaultConfigurationIsVisible = 0;
			defaultConfigurationName = Release;
		};
		96F7E49120E3D0AF006DAAF8 /* Build configuration list for PBXNativeTarget "AirChat" */ = {
			isa = XCConfigurationList;
			buildConfigurations = (
				96F7E49220E3D0AF006DAAF8 /* Debug */,
				96F7E49320E3D0AF006DAAF8 /* Release */,
			);
			defaultConfigurationIsVisible = 0;
			defaultConfigurationName = Release;
		};
/* End XCConfigurationList section */

/* Begin XCVersionGroup section */
		96F7E48620E3D0A8006DAAF8 /* AirChat.xcdatamodeld */ = {
			isa = XCVersionGroup;
			children = (
				96F7E48720E3D0A8006DAAF8 /* AirChat.xcdatamodel */,
			);
			currentVersion = 96F7E48720E3D0A8006DAAF8 /* AirChat.xcdatamodel */;
			path = AirChat.xcdatamodeld;
			sourceTree = "<group>";
			versionGroupType = wrapper.xcdatamodel;
		};
/* End XCVersionGroup section */
	};
	rootObject = 96F7E47420E3D0A8006DAAF8 /* Project object */;
}
